// !$*UTF8*$!
{
	archiveVersion = 1;
	classes = {
	};
	objectVersion = 50;
	objects = {

/* Begin PBXBuildFile section */
		E087CDE5213DACA5002B819C /* AppDelegate.m in Sources */ = {isa = PBXBuildFile; fileRef = E087CDE4213DACA5002B819C /* AppDelegate.m */; };
		E087CDE7213DACA5002B819C /* GameScene.sks in Resources */ = {isa = PBXBuildFile; fileRef = E087CDE6213DACA5002B819C /* GameScene.sks */; };
		E087CDE9213DACA5002B819C /* Actions.sks in Resources */ = {isa = PBXBuildFile; fileRef = E087CDE8213DACA5002B819C /* Actions.sks */; };
		E087CDF2213DACA5002B819C /* Main.storyboard in Resources */ = {isa = PBXBuildFile; fileRef = E087CDF0213DACA5002B819C /* Main.storyboard */; };
		E087CDF4213DACA6002B819C /* Assets.xcassets in Resources */ = {isa = PBXBuildFile; fileRef = E087CDF3213DACA6002B819C /* Assets.xcassets */; };
		E087CDF7213DACA6002B819C /* LaunchScreen.storyboard in Resources */ = {isa = PBXBuildFile; fileRef = E087CDF5213DACA6002B819C /* LaunchScreen.storyboard */; };
		E087CDFA213DACA6002B819C /* main.m in Sources */ = {isa = PBXBuildFile; fileRef = E087CDF9213DACA6002B819C /* main.m */; };
		E087CE04213DACA6002B819C /* Meteor_MinerTests.m in Sources */ = {isa = PBXBuildFile; fileRef = E087CE03213DACA6002B819C /* Meteor_MinerTests.m */; };
		E087CE0F213DACA6002B819C /* Meteor_MinerUITests.m in Sources */ = {isa = PBXBuildFile; fileRef = E087CE0E213DACA6002B819C /* Meteor_MinerUITests.m */; };
		E08EBA9C213DB3B8007E9182 /* ViewController.m in Sources */ = {isa = PBXBuildFile; fileRef = E08EBA94213DB3B8007E9182 /* ViewController.m */; };
		E08EBA9D213DB3B8007E9182 /* ViewController.m in Sources */ = {isa = PBXBuildFile; fileRef = E08EBA94213DB3B8007E9182 /* ViewController.m */; };
		E08EBA9E213DB3B8007E9182 /* ViewController.m in Sources */ = {isa = PBXBuildFile; fileRef = E08EBA94213DB3B8007E9182 /* ViewController.m */; };
		E08EBA9F213DB3B8007E9182 /* MyScene.m in Sources */ = {isa = PBXBuildFile; fileRef = E08EBA95213DB3B8007E9182 /* MyScene.m */; };
		E08EBAA0213DB3B8007E9182 /* MyScene.m in Sources */ = {isa = PBXBuildFile; fileRef = E08EBA95213DB3B8007E9182 /* MyScene.m */; };
		E08EBAA1213DB3B8007E9182 /* MyScene.m in Sources */ = {isa = PBXBuildFile; fileRef = E08EBA95213DB3B8007E9182 /* MyScene.m */; };
		E08EBAA2213DB3B8007E9182 /* Asteroid.m in Sources */ = {isa = PBXBuildFile; fileRef = E08EBA97213DB3B8007E9182 /* Asteroid.m */; };
		E08EBAA3213DB3B8007E9182 /* Asteroid.m in Sources */ = {isa = PBXBuildFile; fileRef = E08EBA97213DB3B8007E9182 /* Asteroid.m */; };
		E08EBAA4213DB3B8007E9182 /* Asteroid.m in Sources */ = {isa = PBXBuildFile; fileRef = E08EBA97213DB3B8007E9182 /* Asteroid.m */; };
		E08EBAA5213DB3B8007E9182 /* AsteroidController.m in Sources */ = {isa = PBXBuildFile; fileRef = E08EBA9B213DB3B8007E9182 /* AsteroidController.m */; };
		E08EBAA6213DB3B8007E9182 /* AsteroidController.m in Sources */ = {isa = PBXBuildFile; fileRef = E08EBA9B213DB3B8007E9182 /* AsteroidController.m */; };
		E08EBAA7213DB3B8007E9182 /* AsteroidController.m in Sources */ = {isa = PBXBuildFile; fileRef = E08EBA9B213DB3B8007E9182 /* AsteroidController.m */; };
		E08EBAC6213DB555007E9182 /* FMMParallaxNode.m in Sources */ = {isa = PBXBuildFile; fileRef = E08EBAC4213DB555007E9182 /* FMMParallaxNode.m */; };
		E08EBAC7213DB555007E9182 /* FMMParallaxNode.m in Sources */ = {isa = PBXBuildFile; fileRef = E08EBAC4213DB555007E9182 /* FMMParallaxNode.m */; };
		E08EBAC8213DB555007E9182 /* FMMParallaxNode.m in Sources */ = {isa = PBXBuildFile; fileRef = E08EBAC4213DB555007E9182 /* FMMParallaxNode.m */; };
		E08EBACA213DB699007E9182 /* Images in Resources */ = {isa = PBXBuildFile; fileRef = E08EBAC9213DB699007E9182 /* Images */; };
		E08EBACB213DB699007E9182 /* Images in Resources */ = {isa = PBXBuildFile; fileRef = E08EBAC9213DB699007E9182 /* Images */; };
		E08EBACC213DB699007E9182 /* Images in Resources */ = {isa = PBXBuildFile; fileRef = E08EBAC9213DB699007E9182 /* Images */; };
/* End PBXBuildFile section */

/* Begin PBXContainerItemProxy section */
		E087CE00213DACA6002B819C /* PBXContainerItemProxy */ = {
			isa = PBXContainerItemProxy;
			containerPortal = E087CDD8213DACA5002B819C /* Project object */;
			proxyType = 1;
			remoteGlobalIDString = E087CDDF213DACA5002B819C;
			remoteInfo = "Meteor Miner";
		};
		E087CE0B213DACA6002B819C /* PBXContainerItemProxy */ = {
			isa = PBXContainerItemProxy;
			containerPortal = E087CDD8213DACA5002B819C /* Project object */;
			proxyType = 1;
			remoteGlobalIDString = E087CDDF213DACA5002B819C;
			remoteInfo = "Meteor Miner";
		};
/* End PBXContainerItemProxy section */

/* Begin PBXFileReference section */
		E087CDE0213DACA5002B819C /* Meteor Miner.app */ = {isa = PBXFileReference; explicitFileType = wrapper.application; includeInIndex = 0; path = "Meteor Miner.app"; sourceTree = BUILT_PRODUCTS_DIR; };
		E087CDE3213DACA5002B819C /* AppDelegate.h */ = {isa = PBXFileReference; lastKnownFileType = sourcecode.c.h; path = AppDelegate.h; sourceTree = "<group>"; };
		E087CDE4213DACA5002B819C /* AppDelegate.m */ = {isa = PBXFileReference; lastKnownFileType = sourcecode.c.objc; path = AppDelegate.m; sourceTree = "<group>"; };
		E087CDE6213DACA5002B819C /* GameScene.sks */ = {isa = PBXFileReference; lastKnownFileType = file.sks; path = GameScene.sks; sourceTree = "<group>"; };
		E087CDE8213DACA5002B819C /* Actions.sks */ = {isa = PBXFileReference; lastKnownFileType = file.sks; path = Actions.sks; sourceTree = "<group>"; };
		E087CDF1213DACA5002B819C /* Base */ = {isa = PBXFileReference; lastKnownFileType = file.storyboard; name = Base; path = Base.lproj/Main.storyboard; sourceTree = "<group>"; };
		E087CDF3213DACA6002B819C /* Assets.xcassets */ = {isa = PBXFileReference; lastKnownFileType = folder.assetcatalog; path = Assets.xcassets; sourceTree = "<group>"; };
		E087CDF6213DACA6002B819C /* Base */ = {isa = PBXFileReference; lastKnownFileType = file.storyboard; name = Base; path = Base.lproj/LaunchScreen.storyboard; sourceTree = "<group>"; };
		E087CDF8213DACA6002B819C /* Info.plist */ = {isa = PBXFileReference; lastKnownFileType = text.plist.xml; path = Info.plist; sourceTree = "<group>"; };
		E087CDF9213DACA6002B819C /* main.m */ = {isa = PBXFileReference; lastKnownFileType = sourcecode.c.objc; path = main.m; sourceTree = "<group>"; };
		E087CDFF213DACA6002B819C /* Meteor MinerTests.xctest */ = {isa = PBXFileReference; explicitFileType = wrapper.cfbundle; includeInIndex = 0; path = "Meteor MinerTests.xctest"; sourceTree = BUILT_PRODUCTS_DIR; };
		E087CE03213DACA6002B819C /* Meteor_MinerTests.m */ = {isa = PBXFileReference; lastKnownFileType = sourcecode.c.objc; path = Meteor_MinerTests.m; sourceTree = "<group>"; };
		E087CE05213DACA6002B819C /* Info.plist */ = {isa = PBXFileReference; lastKnownFileType = text.plist.xml; path = Info.plist; sourceTree = "<group>"; };
		E087CE0A213DACA6002B819C /* Meteor MinerUITests.xctest */ = {isa = PBXFileReference; explicitFileType = wrapper.cfbundle; includeInIndex = 0; path = "Meteor MinerUITests.xctest"; sourceTree = BUILT_PRODUCTS_DIR; };
		E087CE0E213DACA6002B819C /* Meteor_MinerUITests.m */ = {isa = PBXFileReference; lastKnownFileType = sourcecode.c.objc; path = Meteor_MinerUITests.m; sourceTree = "<group>"; };
		E087CE10213DACA6002B819C /* Info.plist */ = {isa = PBXFileReference; lastKnownFileType = text.plist.xml; path = Info.plist; sourceTree = "<group>"; };
		E08EBA94213DB3B8007E9182 /* ViewController.m */ = {isa = PBXFileReference; fileEncoding = 4; lastKnownFileType = sourcecode.c.objc; name = ViewController.m; path = ../../Code/ViewController.m; sourceTree = "<group>"; };
		E08EBA95213DB3B8007E9182 /* MyScene.m */ = {isa = PBXFileReference; fileEncoding = 4; lastKnownFileType = sourcecode.c.objc; name = MyScene.m; path = ../../Code/MyScene.m; sourceTree = "<group>"; };
		E08EBA96213DB3B8007E9182 /* MyScene.h */ = {isa = PBXFileReference; fileEncoding = 4; lastKnownFileType = sourcecode.c.h; name = MyScene.h; path = ../../Code/MyScene.h; sourceTree = "<group>"; };
		E08EBA97213DB3B8007E9182 /* Asteroid.m */ = {isa = PBXFileReference; fileEncoding = 4; lastKnownFileType = sourcecode.c.objc; name = Asteroid.m; path = ../../Code/Asteroid.m; sourceTree = "<group>"; };
		E08EBA98213DB3B8007E9182 /* AsteroidController.h */ = {isa = PBXFileReference; fileEncoding = 4; lastKnownFileType = sourcecode.c.h; name = AsteroidController.h; path = ../../Code/AsteroidController.h; sourceTree = "<group>"; };
		E08EBA99213DB3B8007E9182 /* Asteroid.h */ = {isa = PBXFileReference; fileEncoding = 4; lastKnownFileType = sourcecode.c.h; name = Asteroid.h; path = ../../Code/Asteroid.h; sourceTree = "<group>"; };
		E08EBA9A213DB3B8007E9182 /* ViewController.h */ = {isa = PBXFileReference; fileEncoding = 4; lastKnownFileType = sourcecode.c.h; name = ViewController.h; path = ../../Code/ViewController.h; sourceTree = "<group>"; };
		E08EBA9B213DB3B8007E9182 /* AsteroidController.m */ = {isa = PBXFileReference; fileEncoding = 4; lastKnownFileType = sourcecode.c.objc; name = AsteroidController.m; path = ../../Code/AsteroidController.m; sourceTree = "<group>"; };
		E08EBAC4213DB555007E9182 /* FMMParallaxNode.m */ = {isa = PBXFileReference; fileEncoding = 4; lastKnownFileType = sourcecode.c.objc; name = FMMParallaxNode.m; path = ../../Resources/Classes/FMMParallaxNode.m; sourceTree = "<group>"; };
		E08EBAC5213DB555007E9182 /* FMMParallaxNode.h */ = {isa = PBXFileReference; fileEncoding = 4; lastKnownFileType = sourcecode.c.h; name = FMMParallaxNode.h; path = ../../Resources/Classes/FMMParallaxNode.h; sourceTree = "<group>"; };
		E08EBAC9213DB699007E9182 /* Images */ = {isa = PBXFileReference; lastKnownFileType = folder; name = Images; path = ../../Resources/Images; sourceTree = "<group>"; };
/* End PBXFileReference section */

/* Begin PBXFrameworksBuildPhase section */
		E087CDDD213DACA5002B819C /* Frameworks */ = {
			isa = PBXFrameworksBuildPhase;
			buildActionMask = 2147483647;
			files = (
			);
			runOnlyForDeploymentPostprocessing = 0;
		};
		E087CDFC213DACA6002B819C /* Frameworks */ = {
			isa = PBXFrameworksBuildPhase;
			buildActionMask = 2147483647;
			files = (
			);
			runOnlyForDeploymentPostprocessing = 0;
		};
		E087CE07213DACA6002B819C /* Frameworks */ = {
			isa = PBXFrameworksBuildPhase;
			buildActionMask = 2147483647;
			files = (
			);
			runOnlyForDeploymentPostprocessing = 0;
		};
/* End PBXFrameworksBuildPhase section */

/* Begin PBXGroup section */
		E087CDD7213DACA5002B819C = {
			isa = PBXGroup;
			children = (
				E087CDE2213DACA5002B819C /* Meteor Miner */,
				E087CE02213DACA6002B819C /* Meteor MinerTests */,
				E087CE0D213DACA6002B819C /* Meteor MinerUITests */,
				E087CDE1213DACA5002B819C /* Products */,
			);
			sourceTree = "<group>";
		};
		E087CDE1213DACA5002B819C /* Products */ = {
			isa = PBXGroup;
			children = (
				E087CDE0213DACA5002B819C /* Meteor Miner.app */,
				E087CDFF213DACA6002B819C /* Meteor MinerTests.xctest */,
				E087CE0A213DACA6002B819C /* Meteor MinerUITests.xctest */,
			);
			name = Products;
			sourceTree = "<group>";
		};
		E087CDE2213DACA5002B819C /* Meteor Miner */ = {
			isa = PBXGroup;
			children = (
				E08EBAC9213DB699007E9182 /* Images */,
				E08EBAC5213DB555007E9182 /* FMMParallaxNode.h */,
				E08EBAC4213DB555007E9182 /* FMMParallaxNode.m */,
				E08EBA99213DB3B8007E9182 /* Asteroid.h */,
				E08EBA97213DB3B8007E9182 /* Asteroid.m */,
				E08EBA98213DB3B8007E9182 /* AsteroidController.h */,
				E08EBA9B213DB3B8007E9182 /* AsteroidController.m */,
				E08EBA96213DB3B8007E9182 /* MyScene.h */,
				E08EBA95213DB3B8007E9182 /* MyScene.m */,
				E08EBA9A213DB3B8007E9182 /* ViewController.h */,
				E08EBA94213DB3B8007E9182 /* ViewController.m */,
				E087CDE3213DACA5002B819C /* AppDelegate.h */,
				E087CDE4213DACA5002B819C /* AppDelegate.m */,
				E087CDE6213DACA5002B819C /* GameScene.sks */,
				E087CDE8213DACA5002B819C /* Actions.sks */,
				E087CDF0213DACA5002B819C /* Main.storyboard */,
				E087CDF3213DACA6002B819C /* Assets.xcassets */,
				E087CDF5213DACA6002B819C /* LaunchScreen.storyboard */,
				E087CDF8213DACA6002B819C /* Info.plist */,
				E087CDF9213DACA6002B819C /* main.m */,
			);
			path = "Meteor Miner";
			sourceTree = "<group>";
		};
		E087CE02213DACA6002B819C /* Meteor MinerTests */ = {
			isa = PBXGroup;
			children = (
				E087CE03213DACA6002B819C /* Meteor_MinerTests.m */,
				E087CE05213DACA6002B819C /* Info.plist */,
			);
			path = "Meteor MinerTests";
			sourceTree = "<group>";
		};
		E087CE0D213DACA6002B819C /* Meteor MinerUITests */ = {
			isa = PBXGroup;
			children = (
				E087CE0E213DACA6002B819C /* Meteor_MinerUITests.m */,
				E087CE10213DACA6002B819C /* Info.plist */,
			);
			path = "Meteor MinerUITests";
			sourceTree = "<group>";
		};
/* End PBXGroup section */

/* Begin PBXNativeTarget section */
		E087CDDF213DACA5002B819C /* Meteor Miner */ = {
			isa = PBXNativeTarget;
			buildConfigurationList = E087CE13213DACA6002B819C /* Build configuration list for PBXNativeTarget "Meteor Miner" */;
			buildPhases = (
				E087CDDC213DACA5002B819C /* Sources */,
				E087CDDD213DACA5002B819C /* Frameworks */,
				E087CDDE213DACA5002B819C /* Resources */,
			);
			buildRules = (
			);
			dependencies = (
			);
			name = "Meteor Miner";
			productName = "Meteor Miner";
			productReference = E087CDE0213DACA5002B819C /* Meteor Miner.app */;
			productType = "com.apple.product-type.application";
		};
		E087CDFE213DACA6002B819C /* Meteor MinerTests */ = {
			isa = PBXNativeTarget;
			buildConfigurationList = E087CE16213DACA6002B819C /* Build configuration list for PBXNativeTarget "Meteor MinerTests" */;
			buildPhases = (
				E087CDFB213DACA6002B819C /* Sources */,
				E087CDFC213DACA6002B819C /* Frameworks */,
				E087CDFD213DACA6002B819C /* Resources */,
			);
			buildRules = (
			);
			dependencies = (
				E087CE01213DACA6002B819C /* PBXTargetDependency */,
			);
			name = "Meteor MinerTests";
			productName = "Meteor MinerTests";
			productReference = E087CDFF213DACA6002B819C /* Meteor MinerTests.xctest */;
			productType = "com.apple.product-type.bundle.unit-test";
		};
		E087CE09213DACA6002B819C /* Meteor MinerUITests */ = {
			isa = PBXNativeTarget;
			buildConfigurationList = E087CE19213DACA6002B819C /* Build configuration list for PBXNativeTarget "Meteor MinerUITests" */;
			buildPhases = (
				E087CE06213DACA6002B819C /* Sources */,
				E087CE07213DACA6002B819C /* Frameworks */,
				E087CE08213DACA6002B819C /* Resources */,
			);
			buildRules = (
			);
			dependencies = (
				E087CE0C213DACA6002B819C /* PBXTargetDependency */,
			);
			name = "Meteor MinerUITests";
			productName = "Meteor MinerUITests";
			productReference = E087CE0A213DACA6002B819C /* Meteor MinerUITests.xctest */;
			productType = "com.apple.product-type.bundle.ui-testing";
		};
/* End PBXNativeTarget section */

/* Begin PBXProject section */
		E087CDD8213DACA5002B819C /* Project object */ = {
			isa = PBXProject;
			attributes = {
				LastUpgradeCheck = 0940;
				ORGANIZATIONNAME = "Natalie Capito";
				TargetAttributes = {
					E087CDDF213DACA5002B819C = {
						CreatedOnToolsVersion = 9.4.1;
					};
					E087CDFE213DACA6002B819C = {
						CreatedOnToolsVersion = 9.4.1;
						TestTargetID = E087CDDF213DACA5002B819C;
					};
					E087CE09213DACA6002B819C = {
						CreatedOnToolsVersion = 9.4.1;
						TestTargetID = E087CDDF213DACA5002B819C;
					};
				};
			};
			buildConfigurationList = E087CDDB213DACA5002B819C /* Build configuration list for PBXProject "Meteor Miner" */;
			compatibilityVersion = "Xcode 9.3";
			developmentRegion = en;
			hasScannedForEncodings = 0;
			knownRegions = (
				en,
				Base,
			);
			mainGroup = E087CDD7213DACA5002B819C;
			productRefGroup = E087CDE1213DACA5002B819C /* Products */;
			projectDirPath = "";
			projectRoot = "";
			targets = (
				E087CDDF213DACA5002B819C /* Meteor Miner */,
				E087CDFE213DACA6002B819C /* Meteor MinerTests */,
				E087CE09213DACA6002B819C /* Meteor MinerUITests */,
			);
		};
/* End PBXProject section */

/* Begin PBXResourcesBuildPhase section */
		E087CDDE213DACA5002B819C /* Resources */ = {
			isa = PBXResourcesBuildPhase;
			buildActionMask = 2147483647;
			files = (
				E087CDF2213DACA5002B819C /* Main.storyboard in Resources */,
				E087CDE7213DACA5002B819C /* GameScene.sks in Resources */,
				E087CDF4213DACA6002B819C /* Assets.xcassets in Resources */,
				E087CDF7213DACA6002B819C /* LaunchScreen.storyboard in Resources */,
				E08EBACA213DB699007E9182 /* Images in Resources */,
				E087CDE9213DACA5002B819C /* Actions.sks in Resources */,
			);
			runOnlyForDeploymentPostprocessing = 0;
		};
		E087CDFD213DACA6002B819C /* Resources */ = {
			isa = PBXResourcesBuildPhase;
			buildActionMask = 2147483647;
			files = (
				E08EBACB213DB699007E9182 /* Images in Resources */,
			);
			runOnlyForDeploymentPostprocessing = 0;
		};
		E087CE08213DACA6002B819C /* Resources */ = {
			isa = PBXResourcesBuildPhase;
			buildActionMask = 2147483647;
			files = (
				E08EBACC213DB699007E9182 /* Images in Resources */,
			);
			runOnlyForDeploymentPostprocessing = 0;
		};
/* End PBXResourcesBuildPhase section */

/* Begin PBXSourcesBuildPhase section */
		E087CDDC213DACA5002B819C /* Sources */ = {
			isa = PBXSourcesBuildPhase;
			buildActionMask = 2147483647;
			files = (
				E08EBA9F213DB3B8007E9182 /* MyScene.m in Sources */,
				E08EBAC6213DB555007E9182 /* FMMParallaxNode.m in Sources */,
				E087CDFA213DACA6002B819C /* main.m in Sources */,
				E08EBA9C213DB3B8007E9182 /* ViewController.m in Sources */,
				E08EBAA5213DB3B8007E9182 /* AsteroidController.m in Sources */,
				E08EBAA2213DB3B8007E9182 /* Asteroid.m in Sources */,
				E087CDE5213DACA5002B819C /* AppDelegate.m in Sources */,
			);
			runOnlyForDeploymentPostprocessing = 0;
		};
		E087CDFB213DACA6002B819C /* Sources */ = {
			isa = PBXSourcesBuildPhase;
			buildActionMask = 2147483647;
			files = (
				E08EBAA0213DB3B8007E9182 /* MyScene.m in Sources */,
				E08EBAC7213DB555007E9182 /* FMMParallaxNode.m in Sources */,
				E08EBA9D213DB3B8007E9182 /* ViewController.m in Sources */,
				E08EBAA6213DB3B8007E9182 /* AsteroidController.m in Sources */,
				E08EBAA3213DB3B8007E9182 /* Asteroid.m in Sources */,
				E087CE04213DACA6002B819C /* Meteor_MinerTests.m in Sources */,
			);
			runOnlyForDeploymentPostprocessing = 0;
		};
		E087CE06213DACA6002B819C /* Sources */ = {
			isa = PBXSourcesBuildPhase;
			buildActionMask = 2147483647;
			files = (
				E08EBAA1213DB3B8007E9182 /* MyScene.m in Sources */,
				E08EBAC8213DB555007E9182 /* FMMParallaxNode.m in Sources */,
				E08EBA9E213DB3B8007E9182 /* ViewController.m in Sources */,
				E08EBAA7213DB3B8007E9182 /* AsteroidController.m in Sources */,
				E08EBAA4213DB3B8007E9182 /* Asteroid.m in Sources */,
				E087CE0F213DACA6002B819C /* Meteor_MinerUITests.m in Sources */,
			);
			runOnlyForDeploymentPostprocessing = 0;
		};
/* End PBXSourcesBuildPhase section */

/* Begin PBXTargetDependency section */
		E087CE01213DACA6002B819C /* PBXTargetDependency */ = {
			isa = PBXTargetDependency;
			target = E087CDDF213DACA5002B819C /* Meteor Miner */;
			targetProxy = E087CE00213DACA6002B819C /* PBXContainerItemProxy */;
		};
		E087CE0C213DACA6002B819C /* PBXTargetDependency */ = {
			isa = PBXTargetDependency;
			target = E087CDDF213DACA5002B819C /* Meteor Miner */;
			targetProxy = E087CE0B213DACA6002B819C /* PBXContainerItemProxy */;
		};
/* End PBXTargetDependency section */

/* Begin PBXVariantGroup section */
		E087CDF0213DACA5002B819C /* Main.storyboard */ = {
			isa = PBXVariantGroup;
			children = (
				E087CDF1213DACA5002B819C /* Base */,
			);
			name = Main.storyboard;
			sourceTree = "<group>";
		};
		E087CDF5213DACA6002B819C /* LaunchScreen.storyboard */ = {
			isa = PBXVariantGroup;
			children = (
				E087CDF6213DACA6002B819C /* Base */,
			);
			name = LaunchScreen.storyboard;
			sourceTree = "<group>";
		};
/* End PBXVariantGroup section */

/* Begin XCBuildConfiguration section */
		E087CE11213DACA6002B819C /* Debug */ = {
			isa = XCBuildConfiguration;
			buildSettings = {
				ALWAYS_SEARCH_USER_PATHS = NO;
				CLANG_ANALYZER_NONNULL = YES;
				CLANG_ANALYZER_NUMBER_OBJECT_CONVERSION = YES_AGGRESSIVE;
				CLANG_CXX_LANGUAGE_STANDARD = "gnu++14";
				CLANG_CXX_LIBRARY = "libc++";
				CLANG_ENABLE_MODULES = YES;
				CLANG_ENABLE_OBJC_ARC = YES;
				CLANG_ENABLE_OBJC_WEAK = YES;
				CLANG_WARN_BLOCK_CAPTURE_AUTORELEASING = YES;
				CLANG_WARN_BOOL_CONVERSION = YES;
				CLANG_WARN_COMMA = YES;
				CLANG_WARN_CONSTANT_CONVERSION = YES;
				CLANG_WARN_DEPRECATED_OBJC_IMPLEMENTATIONS = YES;
				CLANG_WARN_DIRECT_OBJC_ISA_USAGE = YES_ERROR;
				CLANG_WARN_DOCUMENTATION_COMMENTS = YES;
				CLANG_WARN_EMPTY_BODY = YES;
				CLANG_WARN_ENUM_CONVERSION = YES;
				CLANG_WARN_INFINITE_RECURSION = YES;
				CLANG_WARN_INT_CONVERSION = YES;
				CLANG_WARN_NON_LITERAL_NULL_CONVERSION = YES;
				CLANG_WARN_OBJC_IMPLICIT_RETAIN_SELF = YES;
				CLANG_WARN_OBJC_LITERAL_CONVERSION = YES;
				CLANG_WARN_OBJC_ROOT_CLASS = YES_ERROR;
				CLANG_WARN_RANGE_LOOP_ANALYSIS = YES;
				CLANG_WARN_STRICT_PROTOTYPES = YES;
				CLANG_WARN_SUSPICIOUS_MOVE = YES;
				CLANG_WARN_UNGUARDED_AVAILABILITY = YES_AGGRESSIVE;
				CLANG_WARN_UNREACHABLE_CODE = YES;
				CLANG_WARN__DUPLICATE_METHOD_MATCH = YES;
				CODE_SIGN_IDENTITY = "iPhone Developer";
				COPY_PHASE_STRIP = NO;
				DEBUG_INFORMATION_FORMAT = dwarf;
				ENABLE_STRICT_OBJC_MSGSEND = YES;
				ENABLE_TESTABILITY = YES;
				GCC_C_LANGUAGE_STANDARD = gnu11;
				GCC_DYNAMIC_NO_PIC = NO;
				GCC_NO_COMMON_BLOCKS = YES;
				GCC_OPTIMIZATION_LEVEL = 0;
				GCC_PREPROCESSOR_DEFINITIONS = (
					"DEBUG=1",
					"$(inherited)",
				);
				GCC_WARN_64_TO_32_BIT_CONVERSION = YES;
				GCC_WARN_ABOUT_RETURN_TYPE = YES_ERROR;
				GCC_WARN_UNDECLARED_SELECTOR = YES;
				GCC_WARN_UNINITIALIZED_AUTOS = YES_AGGRESSIVE;
				GCC_WARN_UNUSED_FUNCTION = YES;
				GCC_WARN_UNUSED_VARIABLE = YES;
				IPHONEOS_DEPLOYMENT_TARGET = 11.4;
				MTL_ENABLE_DEBUG_INFO = YES;
				ONLY_ACTIVE_ARCH = YES;
				SDKROOT = iphoneos;
			};
			name = Debug;
		};
		E087CE12213DACA6002B819C /* Release */ = {
			isa = XCBuildConfiguration;
			buildSettings = {
				ALWAYS_SEARCH_USER_PATHS = NO;
				CLANG_ANALYZER_NONNULL = YES;
				CLANG_ANALYZER_NUMBER_OBJECT_CONVERSION = YES_AGGRESSIVE;
				CLANG_CXX_LANGUAGE_STANDARD = "gnu++14";
				CLANG_CXX_LIBRARY = "libc++";
				CLANG_ENABLE_MODULES = YES;
				CLANG_ENABLE_OBJC_ARC = YES;
				CLANG_ENABLE_OBJC_WEAK = YES;
				CLANG_WARN_BLOCK_CAPTURE_AUTORELEASING = YES;
				CLANG_WARN_BOOL_CONVERSION = YES;
				CLANG_WARN_COMMA = YES;
				CLANG_WARN_CONSTANT_CONVERSION = YES;
				CLANG_WARN_DEPRECATED_OBJC_IMPLEMENTATIONS = YES;
				CLANG_WARN_DIRECT_OBJC_ISA_USAGE = YES_ERROR;
				CLANG_WARN_DOCUMENTATION_COMMENTS = YES;
				CLANG_WARN_EMPTY_BODY = YES;
				CLANG_WARN_ENUM_CONVERSION = YES;
				CLANG_WARN_INFINITE_RECURSION = YES;
				CLANG_WARN_INT_CONVERSION = YES;
				CLANG_WARN_NON_LITERAL_NULL_CONVERSION = YES;
				CLANG_WARN_OBJC_IMPLICIT_RETAIN_SELF = YES;
				CLANG_WARN_OBJC_LITERAL_CONVERSION = YES;
				CLANG_WARN_OBJC_ROOT_CLASS = YES_ERROR;
				CLANG_WARN_RANGE_LOOP_ANALYSIS = YES;
				CLANG_WARN_STRICT_PROTOTYPES = YES;
				CLANG_WARN_SUSPICIOUS_MOVE = YES;
				CLANG_WARN_UNGUARDED_AVAILABILITY = YES_AGGRESSIVE;
				CLANG_WARN_UNREACHABLE_CODE = YES;
				CLANG_WARN__DUPLICATE_METHOD_MATCH = YES;
				CODE_SIGN_IDENTITY = "iPhone Developer";
				COPY_PHASE_STRIP = NO;
				DEBUG_INFORMATION_FORMAT = "dwarf-with-dsym";
				ENABLE_NS_ASSERTIONS = NO;
				ENABLE_STRICT_OBJC_MSGSEND = YES;
				GCC_C_LANGUAGE_STANDARD = gnu11;
				GCC_NO_COMMON_BLOCKS = YES;
				GCC_WARN_64_TO_32_BIT_CONVERSION = YES;
				GCC_WARN_ABOUT_RETURN_TYPE = YES_ERROR;
				GCC_WARN_UNDECLARED_SELECTOR = YES;
				GCC_WARN_UNINITIALIZED_AUTOS = YES_AGGRESSIVE;
				GCC_WARN_UNUSED_FUNCTION = YES;
				GCC_WARN_UNUSED_VARIABLE = YES;
				IPHONEOS_DEPLOYMENT_TARGET = 11.4;
				MTL_ENABLE_DEBUG_INFO = NO;
				SDKROOT = iphoneos;
				VALIDATE_PRODUCT = YES;
			};
			name = Release;
		};
		E087CE14213DACA6002B819C /* Debug */ = {
			isa = XCBuildConfiguration;
			buildSettings = {
				ASSETCATALOG_COMPILER_APPICON_NAME = AppIcon;
				CODE_SIGN_STYLE = Automatic;
				DEVELOPMENT_TEAM = F2NP59CG9T;
				INFOPLIST_FILE = "Meteor Miner/Info.plist";
				LD_RUNPATH_SEARCH_PATHS = (
					"$(inherited)",
					"@executable_path/Frameworks",
				);
				PRODUCT_BUNDLE_IDENTIFIER = "SleepyLunaDesigns.Meteor-Miner";
				PRODUCT_NAME = "$(TARGET_NAME)";
				TARGETED_DEVICE_FAMILY = 1;
			};
			name = Debug;
		};
		E087CE15213DACA6002B819C /* Release */ = {
			isa = XCBuildConfiguration;
			buildSettings = {
				ASSETCATALOG_COMPILER_APPICON_NAME = AppIcon;
				CODE_SIGN_STYLE = Automatic;
				DEVELOPMENT_TEAM = F2NP59CG9T;
				INFOPLIST_FILE = "Meteor Miner/Info.plist";
				LD_RUNPATH_SEARCH_PATHS = (
					"$(inherited)",
					"@executable_path/Frameworks",
				);
				PRODUCT_BUNDLE_IDENTIFIER = "SleepyLunaDesigns.Meteor-Miner";
				PRODUCT_NAME = "$(TARGET_NAME)";
				TARGETED_DEVICE_FAMILY = 1;
			};
			name = Release;
		};
		E087CE17213DACA6002B819C /* Debug */ = {
			isa = XCBuildConfiguration;
			buildSettings = {
				BUNDLE_LOADER = "$(TEST_HOST)";
				CODE_SIGN_STYLE = Automatic;
				DEVELOPMENT_TEAM = F2NP59CG9T;
				INFOPLIST_FILE = "Meteor MinerTests/Info.plist";
				LD_RUNPATH_SEARCH_PATHS = (
					"$(inherited)",
					"@executable_path/Frameworks",
					"@loader_path/Frameworks",
				);
				PRODUCT_BUNDLE_IDENTIFIER = "SleepyLunaDesigns.Meteor-MinerTests";
				PRODUCT_NAME = "$(TARGET_NAME)";
				TARGETED_DEVICE_FAMILY = "1,2";
				TEST_HOST = "$(BUILT_PRODUCTS_DIR)/Meteor Miner.app/Meteor Miner";
			};
			name = Debug;
		};
		E087CE18213DACA6002B819C /* Release */ = {
			isa = XCBuildConfiguration;
			buildSettings = {
				BUNDLE_LOADER = "$(TEST_HOST)";
				CODE_SIGN_STYLE = Automatic;
				DEVELOPMENT_TEAM = F2NP59CG9T;
				INFOPLIST_FILE = "Meteor MinerTests/Info.plist";
				LD_RUNPATH_SEARCH_PATHS = (
					"$(inherited)",
					"@executable_path/Frameworks",
					"@loader_path/Frameworks",
				);
				PRODUCT_BUNDLE_IDENTIFIER = "SleepyLunaDesigns.Meteor-MinerTests";
				PRODUCT_NAME = "$(TARGET_NAME)";
				TARGETED_DEVICE_FAMILY = "1,2";
				TEST_HOST = "$(BUILT_PRODUCTS_DIR)/Meteor Miner.app/Meteor Miner";
			};
			name = Release;
		};
		E087CE1A213DACA6002B819C /* Debug */ = {
			isa = XCBuildConfiguration;
			buildSettings = {
				CODE_SIGN_STYLE = Automatic;
				DEVELOPMENT_TEAM = F2NP59CG9T;
				INFOPLIST_FILE = "Meteor MinerUITests/Info.plist";
				LD_RUNPATH_SEARCH_PATHS = (
					"$(inherited)",
					"@executable_path/Frameworks",
					"@loader_path/Frameworks",
				);
				PRODUCT_BUNDLE_IDENTIFIER = "SleepyLunaDesigns.Meteor-MinerUITests";
				PRODUCT_NAME = "$(TARGET_NAME)";
				TARGETED_DEVICE_FAMILY = "1,2";
				TEST_TARGET_NAME = "Meteor Miner";
			};
			name = Debug;
		};
		E087CE1B213DACA6002B819C /* Release */ = {
			isa = XCBuildConfiguration;
			buildSettings = {
				CODE_SIGN_STYLE = Automatic;
				DEVELOPMENT_TEAM = F2NP59CG9T;
				INFOPLIST_FILE = "Meteor MinerUITests/Info.plist";
				LD_RUNPATH_SEARCH_PATHS = (
					"$(inherited)",
					"@executable_path/Frameworks",
					"@loader_path/Frameworks",
				);
				PRODUCT_BUNDLE_IDENTIFIER = "SleepyLunaDesigns.Meteor-MinerUITests";
				PRODUCT_NAME = "$(TARGET_NAME)";
				TARGETED_DEVICE_FAMILY = "1,2";
				TEST_TARGET_NAME = "Meteor Miner";
			};
			name = Release;
		};
/* End XCBuildConfiguration section */

/* Begin XCConfigurationList section */
		E087CDDB213DACA5002B819C /* Build configuration list for PBXProject "Meteor Miner" */ = {
			isa = XCConfigurationList;
			buildConfigurations = (
				E087CE11213DACA6002B819C /* Debug */,
				E087CE12213DACA6002B819C /* Release */,
			);
			defaultConfigurationIsVisible = 0;
			defaultConfigurationName = Release;
		};
		E087CE13213DACA6002B819C /* Build configuration list for PBXNativeTarget "Meteor Miner" */ = {
			isa = XCConfigurationList;
			buildConfigurations = (
				E087CE14213DACA6002B819C /* Debug */,
				E087CE15213DACA6002B819C /* Release */,
			);
			defaultConfigurationIsVisible = 0;
			defaultConfigurationName = Release;
		};
		E087CE16213DACA6002B819C /* Build configuration list for PBXNativeTarget "Meteor MinerTests" */ = {
			isa = XCConfigurationList;
			buildConfigurations = (
				E087CE17213DACA6002B819C /* Debug */,
				E087CE18213DACA6002B819C /* Release */,
			);
			defaultConfigurationIsVisible = 0;
			defaultConfigurationName = Release;
		};
		E087CE19213DACA6002B819C /* Build configuration list for PBXNativeTarget "Meteor MinerUITests" */ = {
			isa = XCConfigurationList;
			buildConfigurations = (
				E087CE1A213DACA6002B819C /* Debug */,
				E087CE1B213DACA6002B819C /* Release */,
			);
			defaultConfigurationIsVisible = 0;
			defaultConfigurationName = Release;
		};
/* End XCConfigurationList section */
	};
	rootObject = E087CDD8213DACA5002B819C /* Project object */;
}
